
Microsoft Visual Studio Solution File, Format Version 12.00
# Visual Studio Version 16
VisualStudioVersion = 16.0.28803.452
MinimumVisualStudioVersion = 10.0.40219.1
Project("{9A19103F-16F7-4668-BE54-9A1E7A4F7556}") = "Uwezo Polytechnic", "Uwezo Polytechnic\Uwezo Polytechnic.csproj", "{D3DBC151-A077-41D5-B94D-60EE7FAD83A4}"
EndProject
Global
	GlobalSection(SolutionConfigurationPlatforms) = preSolution
		Debug|Any CPU = Debug|Any CPU
		Release|Any CPU = Release|Any CPU
	EndGlobalSection
	GlobalSection(ProjectConfigurationPlatforms) = postSolution
		{D3DBC151-A077-41D5-B94D-60EE7FAD83A4}.Debug|Any CPU.ActiveCfg = Debug|Any CPU
		{D3DBC151-A077-41D5-B94D-60EE7FAD83A4}.Debug|Any CPU.Build.0 = Debug|Any CPU
		{D3DBC151-A077-41D5-B94D-60EE7FAD83A4}.Release|Any CPU.ActiveCfg = Release|Any CPU
		{D3DBC151-A077-41D5-B94D-60EE7FAD83A4}.Release|Any CPU.Build.0 = Release|Any CPU
	EndGlobalSection
	GlobalSection(SolutionProperties) = preSolution
		HideSolutionNode = FALSE
	EndGlobalSection
	GlobalSection(ExtensibilityGlobals) = postSolution
		SolutionGuid = {CB5C8478-3B68-4E0D-8036-261C73B64969}
	EndGlobalSection
EndGlobal
